// !$*UTF8*$!
{
	archiveVersion = 1;
	classes = {
	};
	objectVersion = 50;
	objects = {

/* Begin PBXBuildFile section */
		EBFCC8EE2339638D006EA0EC /* AppDelegate.swift in Sources */ = {isa = PBXBuildFile; fileRef = EBFCC8ED2339638D006EA0EC /* AppDelegate.swift */; };
		EBFCC8F02339638D006EA0EC /* ViewController.swift in Sources */ = {isa = PBXBuildFile; fileRef = EBFCC8EF2339638D006EA0EC /* ViewController.swift */; };
		EBFCC8F32339638D006EA0EC /* Main.storyboard in Resources */ = {isa = PBXBuildFile; fileRef = EBFCC8F12339638D006EA0EC /* Main.storyboard */; };
		EBFCC8F523396397006EA0EC /* Assets.xcassets in Resources */ = {isa = PBXBuildFile; fileRef = EBFCC8F423396397006EA0EC /* Assets.xcassets */; };
		EBFCC8F823396397006EA0EC /* LaunchScreen.storyboard in Resources */ = {isa = PBXBuildFile; fileRef = EBFCC8F623396397006EA0EC /* LaunchScreen.storyboard */; };
		EBFCC90323396397006EA0EC /* HelloWorldTests.swift in Sources */ = {isa = PBXBuildFile; fileRef = EBFCC90223396397006EA0EC /* HelloWorldTests.swift */; };
		EBFCC90E23396397006EA0EC /* HelloWorldUITests.swift in Sources */ = {isa = PBXBuildFile; fileRef = EBFCC90D23396397006EA0EC /* HelloWorldUITests.swift */; };
/* End PBXBuildFile section */

/* Begin PBXContainerItemProxy section */
		EBFCC8FF23396397006EA0EC /* PBXContainerItemProxy */ = {
			isa = PBXContainerItemProxy;
			containerPortal = EBFCC8E22339638D006EA0EC /* Project object */;
			proxyType = 1;
			remoteGlobalIDString = EBFCC8E92339638D006EA0EC;
			remoteInfo = HelloWorld;
		};
		EBFCC90A23396397006EA0EC /* PBXContainerItemProxy */ = {
			isa = PBXContainerItemProxy;
			containerPortal = EBFCC8E22339638D006EA0EC /* Project object */;
			proxyType = 1;
			remoteGlobalIDString = EBFCC8E92339638D006EA0EC;
			remoteInfo = HelloWorld;
		};
/* End PBXContainerItemProxy section */

/* Begin PBXFileReference section */
		EBFCC8EA2339638D006EA0EC /* HelloWorld.app */ = {isa = PBXFileReference; explicitFileType = wrapper.application; includeInIndex = 0; path = HelloWorld.app; sourceTree = BUILT_PRODUCTS_DIR; };
		EBFCC8ED2339638D006EA0EC /* AppDelegate.swift */ = {isa = PBXFileReference; lastKnownFileType = sourcecode.swift; path = AppDelegate.swift; sourceTree = "<group>"; };
		EBFCC8EF2339638D006EA0EC /* ViewController.swift */ = {isa = PBXFileReference; lastKnownFileType = sourcecode.swift; path = ViewController.swift; sourceTree = "<group>"; };
		EBFCC8F22339638D006EA0EC /* Base */ = {isa = PBXFileReference; lastKnownFileType = file.storyboard; name = Base; path = Base.lproj/Main.storyboard; sourceTree = "<group>"; };
		EBFCC8F423396397006EA0EC /* Assets.xcassets */ = {isa = PBXFileReference; lastKnownFileType = folder.assetcatalog; path = Assets.xcassets; sourceTree = "<group>"; };
		EBFCC8F723396397006EA0EC /* Base */ = {isa = PBXFileReference; lastKnownFileType = file.storyboard; name = Base; path = Base.lproj/LaunchScreen.storyboard; sourceTree = "<group>"; };
		EBFCC8F923396397006EA0EC /* Info.plist */ = {isa = PBXFileReference; lastKnownFileType = text.plist.xml; path = Info.plist; sourceTree = "<group>"; };
		EBFCC8FE23396397006EA0EC /* HelloWorldTests.xctest */ = {isa = PBXFileReference; explicitFileType = wrapper.cfbundle; includeInIndex = 0; path = HelloWorldTests.xctest; sourceTree = BUILT_PRODUCTS_DIR; };
		EBFCC90223396397006EA0EC /* HelloWorldTests.swift */ = {isa = PBXFileReference; lastKnownFileType = sourcecode.swift; path = HelloWorldTests.swift; sourceTree = "<group>"; };
		EBFCC90423396397006EA0EC /* Info.plist */ = {isa = PBXFileReference; lastKnownFileType = text.plist.xml; path = Info.plist; sourceTree = "<group>"; };
		EBFCC90923396397006EA0EC /* HelloWorldUITests.xctest */ = {isa = PBXFileReference; explicitFileType = wrapper.cfbundle; includeInIndex = 0; path = HelloWorldUITests.xctest; sourceTree = BUILT_PRODUCTS_DIR; };
		EBFCC90D23396397006EA0EC /* HelloWorldUITests.swift */ = {isa = PBXFileReference; lastKnownFileType = sourcecode.swift; path = HelloWorldUITests.swift; sourceTree = "<group>"; };
		EBFCC90F23396397006EA0EC /* Info.plist */ = {isa = PBXFileReference; lastKnownFileType = text.plist.xml; path = Info.plist; sourceTree = "<group>"; };
/* End PBXFileReference section */

/* Begin PBXFrameworksBuildPhase section */
		EBFCC8E72339638D006EA0EC /* Frameworks */ = {
			isa = PBXFrameworksBuildPhase;
			buildActionMask = 2147483647;
			files = (
			);
			runOnlyForDeploymentPostprocessing = 0;
		};
		EBFCC8FB23396397006EA0EC /* Frameworks */ = {
			isa = PBXFrameworksBuildPhase;
			buildActionMask = 2147483647;
			files = (
			);
			runOnlyForDeploymentPostprocessing = 0;
		};
		EBFCC90623396397006EA0EC /* Frameworks */ = {
			isa = PBXFrameworksBuildPhase;
			buildActionMask = 2147483647;
			files = (
			);
			runOnlyForDeploymentPostprocessing = 0;
		};
/* End PBXFrameworksBuildPhase section */

/* Begin PBXGroup section */
		EBFCC8E12339638D006EA0EC = {
			isa = PBXGroup;
			children = (
				EBFCC8EC2339638D006EA0EC /* HelloWorld */,
				EBFCC90123396397006EA0EC /* HelloWorldTests */,
				EBFCC90C23396397006EA0EC /* HelloWorldUITests */,
				EBFCC8EB2339638D006EA0EC /* Products */,
			);
			sourceTree = "<group>";
		};
		EBFCC8EB2339638D006EA0EC /* Products */ = {
			isa = PBXGroup;
			children = (
				EBFCC8EA2339638D006EA0EC /* HelloWorld.app */,
				EBFCC8FE23396397006EA0EC /* HelloWorldTests.xctest */,
				EBFCC90923396397006EA0EC /* HelloWorldUITests.xctest */,
			);
			name = Products;
			sourceTree = "<group>";
		};
		EBFCC8EC2339638D006EA0EC /* HelloWorld */ = {
			isa = PBXGroup;
			children = (
				EBFCC8ED2339638D006EA0EC /* AppDelegate.swift */,
				EBFCC8EF2339638D006EA0EC /* ViewController.swift */,
				EBFCC8F12339638D006EA0EC /* Main.storyboard */,
				EBFCC8F423396397006EA0EC /* Assets.xcassets */,
				EBFCC8F623396397006EA0EC /* LaunchScreen.storyboard */,
				EBFCC8F923396397006EA0EC /* Info.plist */,
			);
			path = HelloWorld;
			sourceTree = "<group>";
		};
		EBFCC90123396397006EA0EC /* HelloWorldTests */ = {
			isa = PBXGroup;
			children = (
				EBFCC90223396397006EA0EC /* HelloWorldTests.swift */,
				EBFCC90423396397006EA0EC /* Info.plist */,
			);
			path = HelloWorldTests;
			sourceTree = "<group>";
		};
		EBFCC90C23396397006EA0EC /* HelloWorldUITests */ = {
			isa = PBXGroup;
			children = (
				EBFCC90D23396397006EA0EC /* HelloWorldUITests.swift */,
				EBFCC90F23396397006EA0EC /* Info.plist */,
			);
			path = HelloWorldUITests;
			sourceTree = "<group>";
		};
/* End PBXGroup section */

/* Begin PBXNativeTarget section */
		EBFCC8E92339638D006EA0EC /* HelloWorld */ = {
			isa = PBXNativeTarget;
			buildConfigurationList = EBFCC91223396397006EA0EC /* Build configuration list for PBXNativeTarget "HelloWorld" */;
			buildPhases = (
				EBFCC8E62339638D006EA0EC /* Sources */,
				EBFCC8E72339638D006EA0EC /* Frameworks */,
				EBFCC8E82339638D006EA0EC /* Resources */,
			);
			buildRules = (
			);
			dependencies = (
			);
			name = HelloWorld;
			productName = HelloWorld;
			productReference = EBFCC8EA2339638D006EA0EC /* HelloWorld.app */;
			productType = "com.apple.product-type.application";
		};
		EBFCC8FD23396397006EA0EC /* HelloWorldTests */ = {
			isa = PBXNativeTarget;
			buildConfigurationList = EBFCC91523396397006EA0EC /* Build configuration list for PBXNativeTarget "HelloWorldTests" */;
			buildPhases = (
				EBFCC8FA23396397006EA0EC /* Sources */,
				EBFCC8FB23396397006EA0EC /* Frameworks */,
				EBFCC8FC23396397006EA0EC /* Resources */,
			);
			buildRules = (
			);
			dependencies = (
				EBFCC90023396397006EA0EC /* PBXTargetDependency */,
			);
			name = HelloWorldTests;
			productName = HelloWorldTests;
			productReference = EBFCC8FE23396397006EA0EC /* HelloWorldTests.xctest */;
			productType = "com.apple.product-type.bundle.unit-test";
		};
		EBFCC90823396397006EA0EC /* HelloWorldUITests */ = {
			isa = PBXNativeTarget;
			buildConfigurationList = EBFCC91823396397006EA0EC /* Build configuration list for PBXNativeTarget "HelloWorldUITests" */;
			buildPhases = (
				EBFCC90523396397006EA0EC /* Sources */,
				EBFCC90623396397006EA0EC /* Frameworks */,
				EBFCC90723396397006EA0EC /* Resources */,
			);
			buildRules = (
			);
			dependencies = (
				EBFCC90B23396397006EA0EC /* PBXTargetDependency */,
			);
			name = HelloWorldUITests;
			productName = HelloWorldUITests;
			productReference = EBFCC90923396397006EA0EC /* HelloWorldUITests.xctest */;
			productType = "com.apple.product-type.bundle.ui-testing";
		};
/* End PBXNativeTarget section */

/* Begin PBXProject section */
		EBFCC8E22339638D006EA0EC /* Project object */ = {
			isa = PBXProject;
			attributes = {
				LastSwiftUpdateCheck = 1010;
				LastUpgradeCheck = 1010;
				ORGANIZATIONNAME = Miran;
				TargetAttributes = {
					EBFCC8E92339638D006EA0EC = {
						CreatedOnToolsVersion = 10.1;
					};
					EBFCC8FD23396397006EA0EC = {
						CreatedOnToolsVersion = 10.1;
						TestTargetID = EBFCC8E92339638D006EA0EC;
					};
					EBFCC90823396397006EA0EC = {
						CreatedOnToolsVersion = 10.1;
						TestTargetID = EBFCC8E92339638D006EA0EC;
					};
				};
			};
			buildConfigurationList = EBFCC8E52339638D006EA0EC /* Build configuration list for PBXProject "HelloWorld" */;
			compatibilityVersion = "Xcode 9.3";
			developmentRegion = en;
			hasScannedForEncodings = 0;
			knownRegions = (
				en,
				Base,
			);
			mainGroup = EBFCC8E12339638D006EA0EC;
			productRefGroup = EBFCC8EB2339638D006EA0EC /* Products */;
			projectDirPath = "";
			projectRoot = "";
			targets = (
				EBFCC8E92339638D006EA0EC /* HelloWorld */,
				EBFCC8FD23396397006EA0EC /* HelloWorldTests */,
				EBFCC90823396397006EA0EC /* HelloWorldUITests */,
			);
		};
/* End PBXProject section */

/* Begin PBXResourcesBuildPhase section */
		EBFCC8E82339638D006EA0EC /* Resources */ = {
			isa = PBXResourcesBuildPhase;
			buildActionMask = 2147483647;
			files = (
				EBFCC8F823396397006EA0EC /* LaunchScreen.storyboard in Resources */,
				EBFCC8F523396397006EA0EC /* Assets.xcassets in Resources */,
				EBFCC8F32339638D006EA0EC /* Main.storyboard in Resources */,
			);
			runOnlyForDeploymentPostprocessing = 0;
		};
		EBFCC8FC23396397006EA0EC /* Resources */ = {
			isa = PBXResourcesBuildPhase;
			buildActionMask = 2147483647;
			files = (
			);
			runOnlyForDeploymentPostprocessing = 0;
		};
		EBFCC90723396397006EA0EC /* Resources */ = {
			isa = PBXResourcesBuildPhase;
			buildActionMask = 2147483647;
			files = (
			);
			runOnlyForDeploymentPostprocessing = 0;
		};
/* End PBXResourcesBuildPhase section */

/* Begin PBXSourcesBuildPhase section */
		EBFCC8E62339638D006EA0EC /* Sources */ = {
			isa = PBXSourcesBuildPhase;
			buildActionMask = 2147483647;
			files = (
				EBFCC8F02339638D006EA0EC /* ViewController.swift in Sources */,
				EBFCC8EE2339638D006EA0EC /* AppDelegate.swift in Sources */,
			);
			runOnlyForDeploymentPostprocessing = 0;
		};
		EBFCC8FA23396397006EA0EC /* Sources */ = {
			isa = PBXSourcesBuildPhase;
			buildActionMask = 2147483647;
			files = (
				EBFCC90323396397006EA0EC /* HelloWorldTests.swift in Sources */,
			);
			runOnlyForDeploymentPostprocessing = 0;
		};
		EBFCC90523396397006EA0EC /* Sources */ = {
			isa = PBXSourcesBuildPhase;
			buildActionMask = 2147483647;
			files = (
				EBFCC90E23396397006EA0EC /* HelloWorldUITests.swift in Sources */,
			);
			runOnlyForDeploymentPostprocessing = 0;
		};
/* End PBXSourcesBuildPhase section */

/* Begin PBXTargetDependency section */
		EBFCC90023396397006EA0EC /* PBXTargetDependency */ = {
			isa = PBXTargetDependency;
			target = EBFCC8E92339638D006EA0EC /* HelloWorld */;
			targetProxy = EBFCC8FF23396397006EA0EC /* PBXContainerItemProxy */;
		};
		EBFCC90B23396397006EA0EC /* PBXTargetDependency */ = {
			isa = PBXTargetDependency;
			target = EBFCC8E92339638D006EA0EC /* HelloWorld */;
			targetProxy = EBFCC90A23396397006EA0EC /* PBXContainerItemProxy */;
		};
/* End PBXTargetDependency section */

/* Begin PBXVariantGroup section */
		EBFCC8F12339638D006EA0EC /* Main.storyboard */ = {
			isa = PBXVariantGroup;
			children = (
				EBFCC8F22339638D006EA0EC /* Base */,
			);
			name = Main.storyboard;
			sourceTree = "<group>";
		};
		EBFCC8F623396397006EA0EC /* LaunchScreen.storyboard */ = {
			isa = PBXVariantGroup;
			children = (
				EBFCC8F723396397006EA0EC /* Base */,
			);
			name = LaunchScreen.storyboard;
			sourceTree = "<group>";
		};
/* End PBXVariantGroup section */

/* Begin XCBuildConfiguration section */
		EBFCC91023396397006EA0EC /* Debug */ = {
			isa = XCBuildConfiguration;
			buildSettings = {
				ALWAYS_SEARCH_USER_PATHS = NO;
				CLANG_ANALYZER_NONNULL = YES;
				CLANG_ANALYZER_NUMBER_OBJECT_CONVERSION = YES_AGGRESSIVE;
				CLANG_CXX_LANGUAGE_STANDARD = "gnu++14";
				CLANG_CXX_LIBRARY = "libc++";
				CLANG_ENABLE_MODULES = YES;
				CLANG_ENABLE_OBJC_ARC = YES;
				CLANG_ENABLE_OBJC_WEAK = YES;
				CLANG_WARN_BLOCK_CAPTURE_AUTORELEASING = YES;
				CLANG_WARN_BOOL_CONVERSION = YES;
				CLANG_WARN_COMMA = YES;
				CLANG_WARN_CONSTANT_CONVERSION = YES;
				CLANG_WARN_DEPRECATED_OBJC_IMPLEMENTATIONS = YES;
				CLANG_WARN_DIRECT_OBJC_ISA_USAGE = YES_ERROR;
				CLANG_WARN_DOCUMENTATION_COMMENTS = YES;
				CLANG_WARN_EMPTY_BODY = YES;
				CLANG_WARN_ENUM_CONVERSION = YES;
				CLANG_WARN_INFINITE_RECURSION = YES;
				CLANG_WARN_INT_CONVERSION = YES;
				CLANG_WARN_NON_LITERAL_NULL_CONVERSION = YES;
				CLANG_WARN_OBJC_IMPLICIT_RETAIN_SELF = YES;
				CLANG_WARN_OBJC_LITERAL_CONVERSION = YES;
				CLANG_WARN_OBJC_ROOT_CLASS = YES_ERROR;
				CLANG_WARN_RANGE_LOOP_ANALYSIS = YES;
				CLANG_WARN_STRICT_PROTOTYPES = YES;
				CLANG_WARN_SUSPICIOUS_MOVE = YES;
				CLANG_WARN_UNGUARDED_AVAILABILITY = YES_AGGRESSIVE;
				CLANG_WARN_UNREACHABLE_CODE = YES;
				CLANG_WARN__DUPLICATE_METHOD_MATCH = YES;
				CODE_SIGN_IDENTITY = "iPhone Developer";
				COPY_PHASE_STRIP = NO;
				DEBUG_INFORMATION_FORMAT = dwarf;
				ENABLE_STRICT_OBJC_MSGSEND = YES;
				ENABLE_TESTABILITY = YES;
				GCC_C_LANGUAGE_STANDARD = gnu11;
				GCC_DYNAMIC_NO_PIC = NO;
				GCC_NO_COMMON_BLOCKS = YES;
				GCC_OPTIMIZATION_LEVEL = 0;
				GCC_PREPROCESSOR_DEFINITIONS = (
					"DEBUG=1",
					"$(inherited)",
				);
				GCC_WARN_64_TO_32_BIT_CONVERSION = YES;
				GCC_WARN_ABOUT_RETURN_TYPE = YES_ERROR;
				GCC_WARN_UNDECLARED_SELECTOR = YES;
				GCC_WARN_UNINITIALIZED_AUTOS = YES_AGGRESSIVE;
				GCC_WARN_UNUSED_FUNCTION = YES;
				GCC_WARN_UNUSED_VARIABLE = YES;
				IPHONEOS_DEPLOYMENT_TARGET = 12.1;
				MTL_ENABLE_DEBUG_INFO = INCLUDE_SOURCE;
				MTL_FAST_MATH = YES;
				ONLY_ACTIVE_ARCH = YES;
				SDKROOT = iphoneos;
				SWIFT_ACTIVE_COMPILATION_CONDITIONS = DEBUG;
				SWIFT_OPTIMIZATION_LEVEL = "-Onone";
			};
			name = Debug;
		};
		EBFCC91123396397006EA0EC /* Release */ = {
			isa = XCBuildConfiguration;
			buildSettings = {
				ALWAYS_SEARCH_USER_PATHS = NO;
				CLANG_ANALYZER_NONNULL = YES;
				CLANG_ANALYZER_NUMBER_OBJECT_CONVERSION = YES_AGGRESSIVE;
				CLANG_CXX_LANGUAGE_STANDARD = "gnu++14";
				CLANG_CXX_LIBRARY = "libc++";
				CLANG_ENABLE_MODULES = YES;
				CLANG_ENABLE_OBJC_ARC = YES;
				CLANG_ENABLE_OBJC_WEAK = YES;
				CLANG_WARN_BLOCK_CAPTURE_AUTORELEASING = YES;
				CLANG_WARN_BOOL_CONVERSION = YES;
				CLANG_WARN_COMMA = YES;
				CLANG_WARN_CONSTANT_CONVERSION = YES;
				CLANG_WARN_DEPRECATED_OBJC_IMPLEMENTATIONS = YES;
				CLANG_WARN_DIRECT_OBJC_ISA_USAGE = YES_ERROR;
				CLANG_WARN_DOCUMENTATION_COMMENTS = YES;
				CLANG_WARN_EMPTY_BODY = YES;
				CLANG_WARN_ENUM_CONVERSION = YES;
				CLANG_WARN_INFINITE_RECURSION = YES;
				CLANG_WARN_INT_CONVERSION = YES;
				CLANG_WARN_NON_LITERAL_NULL_CONVERSION = YES;
				CLANG_WARN_OBJC_IMPLICIT_RETAIN_SELF = YES;
				CLANG_WARN_OBJC_LITERAL_CONVERSION = YES;
				CLANG_WARN_OBJC_ROOT_CLASS = YES_ERROR;
				CLANG_WARN_RANGE_LOOP_ANALYSIS = YES;
				CLANG_WARN_STRICT_PROTOTYPES = YES;
				CLANG_WARN_SUSPICIOUS_MOVE = YES;
				CLANG_WARN_UNGUARDED_AVAILABILITY = YES_AGGRESSIVE;
				CLANG_WARN_UNREACHABLE_CODE = YES;
				CLANG_WARN__DUPLICATE_METHOD_MATCH = YES;
				CODE_SIGN_IDENTITY = "iPhone Developer";
				COPY_PHASE_STRIP = NO;
				DEBUG_INFORMATION_FORMAT = "dwarf-with-dsym";
				ENABLE_NS_ASSERTIONS = NO;
				ENABLE_STRICT_OBJC_MSGSEND = YES;
				GCC_C_LANGUAGE_STANDARD = gnu11;
				GCC_NO_COMMON_BLOCKS = YES;
				GCC_WARN_64_TO_32_BIT_CONVERSION = YES;
				GCC_WARN_ABOUT_RETURN_TYPE = YES_ERROR;
				GCC_WARN_UNDECLARED_SELECTOR = YES;
				GCC_WARN_UNINITIALIZED_AUTOS = YES_AGGRESSIVE;
				GCC_WARN_UNUSED_FUNCTION = YES;
				GCC_WARN_UNUSED_VARIABLE = YES;
				IPHONEOS_DEPLOYMENT_TARGET = 12.1;
				MTL_ENABLE_DEBUG_INFO = NO;
				MTL_FAST_MATH = YES;
				SDKROOT = iphoneos;
				SWIFT_COMPILATION_MODE = wholemodule;
				SWIFT_OPTIMIZATION_LEVEL = "-O";
				VALIDATE_PRODUCT = YES;
			};
			name = Release;
		};
		EBFCC91323396397006EA0EC /* Debug */ = {
			isa = XCBuildConfiguration;
			buildSettings = {
				ASSETCATALOG_COMPILER_APPICON_NAME = AppIcon;
				CODE_SIGN_STYLE = Automatic;
				INFOPLIST_FILE = HelloWorld/Info.plist;
				LD_RUNPATH_SEARCH_PATHS = (
					"$(inherited)",
					"@executable_path/Frameworks",
				);
				PRODUCT_BUNDLE_IDENTIFIER = com.project.miran.HelloWorld;
				PRODUCT_NAME = "$(TARGET_NAME)";
				SWIFT_VERSION = 4.2;
				TARGETED_DEVICE_FAMILY = "1,2";
			};
			name = Debug;
		};
		EBFCC91423396397006EA0EC /* Release */ = {
			isa = XCBuildConfiguration;
			buildSettings = {
				ASSETCATALOG_COMPILER_APPICON_NAME = AppIcon;
				CODE_SIGN_STYLE = Automatic;
				INFOPLIST_FILE = HelloWorld/Info.plist;
				LD_RUNPATH_SEARCH_PATHS = (
					"$(inherited)",
					"@executable_path/Frameworks",
				);
				PRODUCT_BUNDLE_IDENTIFIER = com.project.miran.HelloWorld;
				PRODUCT_NAME = "$(TARGET_NAME)";
				SWIFT_VERSION = 4.2;
				TARGETED_DEVICE_FAMILY = "1,2";
			};
			name = Release;
		};
		EBFCC91623396397006EA0EC /* Debug */ = {
			isa = XCBuildConfiguration;
			buildSettings = {
				ALWAYS_EMBED_SWIFT_STANDARD_LIBRARIES = YES;
				BUNDLE_LOADER = "$(TEST_HOST)";
				CODE_SIGN_STYLE = Automatic;
				INFOPLIST_FILE = HelloWorldTests/Info.plist;
				LD_RUNPATH_SEARCH_PATHS = (
					"$(inherited)",
					"@executable_path/Frameworks",
					"@loader_path/Frameworks",
				);
				PRODUCT_BUNDLE_IDENTIFIER = com.project.miran.HelloWorldTests;
				PRODUCT_NAME = "$(TARGET_NAME)";
				SWIFT_VERSION = 4.2;
				TARGETED_DEVICE_FAMILY = "1,2";
				TEST_HOST = "$(BUILT_PRODUCTS_DIR)/HelloWorld.app/HelloWorld";
			};
			name = Debug;
		};
		EBFCC91723396397006EA0EC /* Release */ = {
			isa = XCBuildConfiguration;
			buildSettings = {
				ALWAYS_EMBED_SWIFT_STANDARD_LIBRARIES = YES;
				BUNDLE_LOADER = "$(TEST_HOST)";
				CODE_SIGN_STYLE = Automatic;
				INFOPLIST_FILE = HelloWorldTests/Info.plist;
				LD_RUNPATH_SEARCH_PATHS = (
					"$(inherited)",
					"@executable_path/Frameworks",
					"@loader_path/Frameworks",
				);
				PRODUCT_BUNDLE_IDENTIFIER = com.project.miran.HelloWorldTests;
				PRODUCT_NAME = "$(TARGET_NAME)";
				SWIFT_VERSION = 4.2;
				TARGETED_DEVICE_FAMILY = "1,2";
				TEST_HOST = "$(BUILT_PRODUCTS_DIR)/HelloWorld.app/HelloWorld";
			};
			name = Release;
		};
		EBFCC91923396397006EA0EC /* Debug */ = {
			isa = XCBuildConfiguration;
			buildSettings = {
				ALWAYS_EMBED_SWIFT_STANDARD_LIBRARIES = YES;
				CODE_SIGN_STYLE = Automatic;
				INFOPLIST_FILE = HelloWorldUITests/Info.plist;
				LD_RUNPATH_SEARCH_PATHS = (
					"$(inherited)",
					"@executable_path/Frameworks",
					"@loader_path/Frameworks",
				);
				PRODUCT_BUNDLE_IDENTIFIER = com.project.miran.HelloWorldUITests;
				PRODUCT_NAME = "$(TARGET_NAME)";
				SWIFT_VERSION = 4.2;
				TARGETED_DEVICE_FAMILY = "1,2";
				TEST_TARGET_NAME = HelloWorld;
			};
			name = Debug;
		};
		EBFCC91A23396397006EA0EC /* Release */ = {
			isa = XCBuildConfiguration;
			buildSettings = {
				ALWAYS_EMBED_SWIFT_STANDARD_LIBRARIES = YES;
				CODE_SIGN_STYLE = Automatic;
				INFOPLIST_FILE = HelloWorldUITests/Info.plist;
				LD_RUNPATH_SEARCH_PATHS = (
					"$(inherited)",
					"@executable_path/Frameworks",
					"@loader_path/Frameworks",
				);
				PRODUCT_BUNDLE_IDENTIFIER = com.project.miran.HelloWorldUITests;
				PRODUCT_NAME = "$(TARGET_NAME)";
				SWIFT_VERSION = 4.2;
				TARGETED_DEVICE_FAMILY = "1,2";
				TEST_TARGET_NAME = HelloWorld;
			};
			name = Release;
		};
/* End XCBuildConfiguration section */

/* Begin XCConfigurationList section */
		EBFCC8E52339638D006EA0EC /* Build configuration list for PBXProject "HelloWorld" */ = {
			isa = XCConfigurationList;
			buildConfigurations = (
				EBFCC91023396397006EA0EC /* Debug */,
				EBFCC91123396397006EA0EC /* Release */,
			);
			defaultConfigurationIsVisible = 0;
			defaultConfigurationName = Release;
		};
		EBFCC91223396397006EA0EC /* Build configuration list for PBXNativeTarget "HelloWorld" */ = {
			isa = XCConfigurationList;
			buildConfigurations = (
				EBFCC91323396397006EA0EC /* Debug */,
				EBFCC91423396397006EA0EC /* Release */,
			);
			defaultConfigurationIsVisible = 0;
			defaultConfigurationName = Release;
		};
		EBFCC91523396397006EA0EC /* Build configuration list for PBXNativeTarget "HelloWorldTests" */ = {
			isa = XCConfigurationList;
			buildConfigurations = (
				EBFCC91623396397006EA0EC /* Debug */,
				EBFCC91723396397006EA0EC /* Release */,
			);
			defaultConfigurationIsVisible = 0;
			defaultConfigurationName = Release;
		};
		EBFCC91823396397006EA0EC /* Build configuration list for PBXNativeTarget "HelloWorldUITests" */ = {
			isa = XCConfigurationList;
			buildConfigurations = (
				EBFCC91923396397006EA0EC /* Debug */,
				EBFCC91A23396397006EA0EC /* Release */,
			);
			defaultConfigurationIsVisible = 0;
			defaultConfigurationName = Release;
		};
/* End XCConfigurationList section */
	};
	rootObject = EBFCC8E22339638D006EA0EC /* Project object */;
}
